{
  "name": "kpm-studio",
  "version": "1.0.0",
  "lockfileVersion": 3,
  "requires": true,
  "packages": {
    "": {
      "name": "kpm-studio",
      "version": "1.0.0",
      "dependencies": {
        "bytenode": "^1.7.0"
      }
    },
    "node_modules/bytenode": {
      "version": "1.7.0",
      "resolved": "https://registry.npmjs.org/bytenode/-/bytenode-1.7.0.tgz",
      "integrity": "sha512-XaWLzhk+Ai8oBjbrccOPiaZTJZgqsZKy+Q0Rtp/I1+XEY6AvJxkkfr1Xpa49oXe7+iRh18NQiFizkf7FMyB++g==",
      "license": "MIT",
      "bin": {
        "bytenode": "lib/cli.js"
      }
    }
  }
}
